
Microsoft Visual Studio Solution File, Format Version 12.00
# Visual Studio 14
VisualStudioVersion = 14.0.24720.0
MinimumVisualStudioVersion = 10.0.40219.1
Project("{FAE04EC0-301F-11D3-BF4B-00C04F79EFBC}") = "CiuperciProblem", "CiuperciProblem\CiuperciProblem.csproj", "{F35B58CB-A178-4D9C-86F5-F9B5A2ADCEEC}"
EndProject
Global
	GlobalSection(SolutionConfigurationPlatforms) = preSolution
		Debug|Any CPU = Debug|Any CPU
		Release|Any CPU = Release|Any CPU
	EndGlobalSection
	GlobalSection(ProjectConfigurationPlatforms) = postSolution
		{F35B58CB-A178-4D9C-86F5-F9B5A2ADCEEC}.Debug|Any CPU.ActiveCfg = Debug|Any CPU
		{F35B58CB-A178-4D9C-86F5-F9B5A2ADCEEC}.Debug|Any CPU.Build.0 = Debug|Any CPU
		{F35B58CB-A178-4D9C-86F5-F9B5A2ADCEEC}.Release|Any CPU.ActiveCfg = Release|Any CPU
		{F35B58CB-A178-4D9C-86F5-F9B5A2ADCEEC}.Release|Any CPU.Build.0 = Release|Any CPU
	EndGlobalSection
	GlobalSection(SolutionProperties) = preSolution
		HideSolutionNode = FALSE
	EndGlobalSection
EndGlobal
