
Microsoft Visual Studio Solution File, Format Version 12.00
# Visual Studio 14
VisualStudioVersion = 14.0.24720.0
MinimumVisualStudioVersion = 10.0.40219.1
Project("{FAE04EC0-301F-11D3-BF4B-00C04F79EFBC}") = "ProblemaSportiv", "ProblemaSportiv\ProblemaSportiv.csproj", "{0F8181C7-A843-4C65-8109-9DE0BA69B826}"
EndProject
Global
	GlobalSection(SolutionConfigurationPlatforms) = preSolution
		Debug|Any CPU = Debug|Any CPU
		Release|Any CPU = Release|Any CPU
	EndGlobalSection
	GlobalSection(ProjectConfigurationPlatforms) = postSolution
		{0F8181C7-A843-4C65-8109-9DE0BA69B826}.Debug|Any CPU.ActiveCfg = Debug|Any CPU
		{0F8181C7-A843-4C65-8109-9DE0BA69B826}.Debug|Any CPU.Build.0 = Debug|Any CPU
		{0F8181C7-A843-4C65-8109-9DE0BA69B826}.Release|Any CPU.ActiveCfg = Release|Any CPU
		{0F8181C7-A843-4C65-8109-9DE0BA69B826}.Release|Any CPU.Build.0 = Release|Any CPU
	EndGlobalSection
	GlobalSection(SolutionProperties) = preSolution
		HideSolutionNode = FALSE
	EndGlobalSection
EndGlobal
