
Microsoft Visual Studio Solution File, Format Version 12.00
# Visual Studio 14
VisualStudioVersion = 14.0.24720.0
MinimumVisualStudioVersion = 10.0.40219.1
Project("{FAE04EC0-301F-11D3-BF4B-00C04F79EFBC}") = "ProblemaParchet", "ProblemaParchet\ProblemaParchet.csproj", "{5699BBD8-9958-47C2-9858-55FB1368BF01}"
EndProject
Global
	GlobalSection(SolutionConfigurationPlatforms) = preSolution
		Debug|Any CPU = Debug|Any CPU
		Release|Any CPU = Release|Any CPU
	EndGlobalSection
	GlobalSection(ProjectConfigurationPlatforms) = postSolution
		{5699BBD8-9958-47C2-9858-55FB1368BF01}.Debug|Any CPU.ActiveCfg = Debug|Any CPU
		{5699BBD8-9958-47C2-9858-55FB1368BF01}.Debug|Any CPU.Build.0 = Debug|Any CPU
		{5699BBD8-9958-47C2-9858-55FB1368BF01}.Release|Any CPU.ActiveCfg = Release|Any CPU
		{5699BBD8-9958-47C2-9858-55FB1368BF01}.Release|Any CPU.Build.0 = Release|Any CPU
	EndGlobalSection
	GlobalSection(SolutionProperties) = preSolution
		HideSolutionNode = FALSE
	EndGlobalSection
EndGlobal
